
Microsoft Visual Studio Solution File, Format Version 12.00
# Visual Studio Version 17
VisualStudioVersion = 17.0.31912.275
MinimumVisualStudioVersion = 10.0.40219.1
Project("{FAE04EC0-301F-11D3-BF4B-00C04F79EFBC}") = "Civ19_WithCsharp_Test", "Civ19_WithCsharp_Test\Civ19_WithCsharp_Test.csproj", "{904783B4-A587-44EF-9A3A-767E9F29DCD0}"
EndProject
Global
	GlobalSection(SolutionConfigurationPlatforms) = preSolution
		Debug|Any CPU = Debug|Any CPU
		Release|Any CPU = Release|Any CPU
	EndGlobalSection
	GlobalSection(ProjectConfigurationPlatforms) = postSolution
		{904783B4-A587-44EF-9A3A-767E9F29DCD0}.Debug|Any CPU.ActiveCfg = Debug|Any CPU
		{904783B4-A587-44EF-9A3A-767E9F29DCD0}.Debug|Any CPU.Build.0 = Debug|Any CPU
		{904783B4-A587-44EF-9A3A-767E9F29DCD0}.Release|Any CPU.ActiveCfg = Release|Any CPU
		{904783B4-A587-44EF-9A3A-767E9F29DCD0}.Release|Any CPU.Build.0 = Release|Any CPU
	EndGlobalSection
	GlobalSection(SolutionProperties) = preSolution
		HideSolutionNode = FALSE
	EndGlobalSection
	GlobalSection(ExtensibilityGlobals) = postSolution
		SolutionGuid = {1529B8A8-7D75-4E95-B8D3-0EB6C6957CCF}
	EndGlobalSection
EndGlobal
