
Microsoft Visual Studio Solution File, Format Version 12.00
# Visual Studio Version 17
VisualStudioVersion = 17.0.31912.275
MinimumVisualStudioVersion = 10.0.40219.1
Project("{FAE04EC0-301F-11D3-BF4B-00C04F79EFBC}") = "OpenAPI", "OpenAPI\OpenAPI.csproj", "{A9EB30F0-4B27-4033-88D9-BE50CF2249EE}"
EndProject
Global
	GlobalSection(SolutionConfigurationPlatforms) = preSolution
		Debug|Any CPU = Debug|Any CPU
		Release|Any CPU = Release|Any CPU
	EndGlobalSection
	GlobalSection(ProjectConfigurationPlatforms) = postSolution
		{A9EB30F0-4B27-4033-88D9-BE50CF2249EE}.Debug|Any CPU.ActiveCfg = Debug|Any CPU
		{A9EB30F0-4B27-4033-88D9-BE50CF2249EE}.Debug|Any CPU.Build.0 = Debug|Any CPU
		{A9EB30F0-4B27-4033-88D9-BE50CF2249EE}.Release|Any CPU.ActiveCfg = Release|Any CPU
		{A9EB30F0-4B27-4033-88D9-BE50CF2249EE}.Release|Any CPU.Build.0 = Release|Any CPU
	EndGlobalSection
	GlobalSection(SolutionProperties) = preSolution
		HideSolutionNode = FALSE
	EndGlobalSection
	GlobalSection(ExtensibilityGlobals) = postSolution
		SolutionGuid = {1340FD56-3680-4BF1-AD53-4D5108F45F44}
	EndGlobalSection
EndGlobal
